
Microsoft Visual Studio Solution File, Format Version 12.00
# Visual Studio Version 17
VisualStudioVersion = 17.7.34024.191
MinimumVisualStudioVersion = 10.0.40219.1
Project("{FAE04EC0-301F-11D3-BF4B-00C04F79EFBC}") = "Task 1", "Task 1.csproj", "{D3D22519-C2FC-4116-A0DC-38265F50D802}"
EndProject
Project("{FAE04EC0-301F-11D3-BF4B-00C04F79EFBC}") = "Task 2", "..\Task 2\Task 2.csproj", "{9C694786-1DBB-4593-B9E5-82E1A2AD59E9}"
EndProject
Project("{FAE04EC0-301F-11D3-BF4B-00C04F79EFBC}") = "Task 3", "..\Task 3\Task 3.csproj", "{5E493D1B-3E24-4173-9762-80A072556B4B}"
EndProject
Global
	GlobalSection(SolutionConfigurationPlatforms) = preSolution
		Debug|Any CPU = Debug|Any CPU
		Release|Any CPU = Release|Any CPU
	EndGlobalSection
	GlobalSection(ProjectConfigurationPlatforms) = postSolution
		{D3D22519-C2FC-4116-A0DC-38265F50D802}.Debug|Any CPU.ActiveCfg = Debug|Any CPU
		{D3D22519-C2FC-4116-A0DC-38265F50D802}.Debug|Any CPU.Build.0 = Debug|Any CPU
		{D3D22519-C2FC-4116-A0DC-38265F50D802}.Release|Any CPU.ActiveCfg = Release|Any CPU
		{D3D22519-C2FC-4116-A0DC-38265F50D802}.Release|Any CPU.Build.0 = Release|Any CPU
		{9C694786-1DBB-4593-B9E5-82E1A2AD59E9}.Debug|Any CPU.ActiveCfg = Debug|Any CPU
		{9C694786-1DBB-4593-B9E5-82E1A2AD59E9}.Debug|Any CPU.Build.0 = Debug|Any CPU
		{9C694786-1DBB-4593-B9E5-82E1A2AD59E9}.Release|Any CPU.ActiveCfg = Release|Any CPU
		{9C694786-1DBB-4593-B9E5-82E1A2AD59E9}.Release|Any CPU.Build.0 = Release|Any CPU
		{5E493D1B-3E24-4173-9762-80A072556B4B}.Debug|Any CPU.ActiveCfg = Debug|Any CPU
		{5E493D1B-3E24-4173-9762-80A072556B4B}.Debug|Any CPU.Build.0 = Debug|Any CPU
		{5E493D1B-3E24-4173-9762-80A072556B4B}.Release|Any CPU.ActiveCfg = Release|Any CPU
		{5E493D1B-3E24-4173-9762-80A072556B4B}.Release|Any CPU.Build.0 = Release|Any CPU
	EndGlobalSection
	GlobalSection(SolutionProperties) = preSolution
		HideSolutionNode = FALSE
	EndGlobalSection
	GlobalSection(ExtensibilityGlobals) = postSolution
		SolutionGuid = {2C85665F-0B72-45E5-B491-470029866F89}
	EndGlobalSection
EndGlobal
